
Microsoft Visual Studio Solution File, Format Version 12.00
# Visual Studio Version 16
VisualStudioVersion = 16.6.30114.105
MinimumVisualStudioVersion = 10.0.40219.1
Project("{9A19103F-16F7-4668-BE54-9A1E7A4F7556}") = "FacesApi", "FacesApi\FacesApi.csproj", "{51EE24B3-BD6D-4EB7-BBF2-2F82B5331DAD}"
EndProject
Project("{9A19103F-16F7-4668-BE54-9A1E7A4F7556}") = "FacesApiTest", "FaceApiTest\FacesApiTest.csproj", "{D2492C18-E7A5-4AA1-BEDC-F1A4D0F43B78}"
EndProject
Project("{9A19103F-16F7-4668-BE54-9A1E7A4F7556}") = "Messaging.InterfaceConstants", "Messaging.InterfaceConstants\Messaging.InterfaceConstants.csproj", "{31AA651B-545E-4E62-BDAD-CBE73FD21D9B}"
EndProject
Project("{FAE04EC0-301F-11D3-BF4B-00C04F79EFBC}") = "Faces.WebMvc", "Faces.WebMvc\Faces.WebMvc.csproj", "{58BE5A16-45F5-46D6-85F9-D997468794EC}"
EndProject
Global
	GlobalSection(SolutionConfigurationPlatforms) = preSolution
		Debug|Any CPU = Debug|Any CPU
		Debug|x64 = Debug|x64
		Debug|x86 = Debug|x86
		Release|Any CPU = Release|Any CPU
		Release|x64 = Release|x64
		Release|x86 = Release|x86
	EndGlobalSection
	GlobalSection(ProjectConfigurationPlatforms) = postSolution
		{51EE24B3-BD6D-4EB7-BBF2-2F82B5331DAD}.Debug|Any CPU.ActiveCfg = Debug|Any CPU
		{51EE24B3-BD6D-4EB7-BBF2-2F82B5331DAD}.Debug|Any CPU.Build.0 = Debug|Any CPU
		{51EE24B3-BD6D-4EB7-BBF2-2F82B5331DAD}.Debug|x64.ActiveCfg = Debug|Any CPU
		{51EE24B3-BD6D-4EB7-BBF2-2F82B5331DAD}.Debug|x64.Build.0 = Debug|Any CPU
		{51EE24B3-BD6D-4EB7-BBF2-2F82B5331DAD}.Debug|x86.ActiveCfg = Debug|Any CPU
		{51EE24B3-BD6D-4EB7-BBF2-2F82B5331DAD}.Debug|x86.Build.0 = Debug|Any CPU
		{51EE24B3-BD6D-4EB7-BBF2-2F82B5331DAD}.Release|Any CPU.ActiveCfg = Release|Any CPU
		{51EE24B3-BD6D-4EB7-BBF2-2F82B5331DAD}.Release|Any CPU.Build.0 = Release|Any CPU
		{51EE24B3-BD6D-4EB7-BBF2-2F82B5331DAD}.Release|x64.ActiveCfg = Release|Any CPU
		{51EE24B3-BD6D-4EB7-BBF2-2F82B5331DAD}.Release|x64.Build.0 = Release|Any CPU
		{51EE24B3-BD6D-4EB7-BBF2-2F82B5331DAD}.Release|x86.ActiveCfg = Release|Any CPU
		{51EE24B3-BD6D-4EB7-BBF2-2F82B5331DAD}.Release|x86.Build.0 = Release|Any CPU
		{D2492C18-E7A5-4AA1-BEDC-F1A4D0F43B78}.Debug|Any CPU.ActiveCfg = Debug|Any CPU
		{D2492C18-E7A5-4AA1-BEDC-F1A4D0F43B78}.Debug|Any CPU.Build.0 = Debug|Any CPU
		{D2492C18-E7A5-4AA1-BEDC-F1A4D0F43B78}.Debug|x64.ActiveCfg = Debug|Any CPU
		{D2492C18-E7A5-4AA1-BEDC-F1A4D0F43B78}.Debug|x64.Build.0 = Debug|Any CPU
		{D2492C18-E7A5-4AA1-BEDC-F1A4D0F43B78}.Debug|x86.ActiveCfg = Debug|Any CPU
		{D2492C18-E7A5-4AA1-BEDC-F1A4D0F43B78}.Debug|x86.Build.0 = Debug|Any CPU
		{D2492C18-E7A5-4AA1-BEDC-F1A4D0F43B78}.Release|Any CPU.ActiveCfg = Release|Any CPU
		{D2492C18-E7A5-4AA1-BEDC-F1A4D0F43B78}.Release|Any CPU.Build.0 = Release|Any CPU
		{D2492C18-E7A5-4AA1-BEDC-F1A4D0F43B78}.Release|x64.ActiveCfg = Release|Any CPU
		{D2492C18-E7A5-4AA1-BEDC-F1A4D0F43B78}.Release|x64.Build.0 = Release|Any CPU
		{D2492C18-E7A5-4AA1-BEDC-F1A4D0F43B78}.Release|x86.ActiveCfg = Release|Any CPU
		{D2492C18-E7A5-4AA1-BEDC-F1A4D0F43B78}.Release|x86.Build.0 = Release|Any CPU
		{31AA651B-545E-4E62-BDAD-CBE73FD21D9B}.Debug|Any CPU.ActiveCfg = Debug|Any CPU
		{31AA651B-545E-4E62-BDAD-CBE73FD21D9B}.Debug|Any CPU.Build.0 = Debug|Any CPU
		{31AA651B-545E-4E62-BDAD-CBE73FD21D9B}.Debug|x64.ActiveCfg = Debug|Any CPU
		{31AA651B-545E-4E62-BDAD-CBE73FD21D9B}.Debug|x64.Build.0 = Debug|Any CPU
		{31AA651B-545E-4E62-BDAD-CBE73FD21D9B}.Debug|x86.ActiveCfg = Debug|Any CPU
		{31AA651B-545E-4E62-BDAD-CBE73FD21D9B}.Debug|x86.Build.0 = Debug|Any CPU
		{31AA651B-545E-4E62-BDAD-CBE73FD21D9B}.Release|Any CPU.ActiveCfg = Release|Any CPU
		{31AA651B-545E-4E62-BDAD-CBE73FD21D9B}.Release|Any CPU.Build.0 = Release|Any CPU
		{31AA651B-545E-4E62-BDAD-CBE73FD21D9B}.Release|x64.ActiveCfg = Release|Any CPU
		{31AA651B-545E-4E62-BDAD-CBE73FD21D9B}.Release|x64.Build.0 = Release|Any CPU
		{31AA651B-545E-4E62-BDAD-CBE73FD21D9B}.Release|x86.ActiveCfg = Release|Any CPU
		{31AA651B-545E-4E62-BDAD-CBE73FD21D9B}.Release|x86.Build.0 = Release|Any CPU
		{58BE5A16-45F5-46D6-85F9-D997468794EC}.Debug|Any CPU.ActiveCfg = Debug|Any CPU
		{58BE5A16-45F5-46D6-85F9-D997468794EC}.Debug|Any CPU.Build.0 = Debug|Any CPU
		{58BE5A16-45F5-46D6-85F9-D997468794EC}.Debug|x64.ActiveCfg = Debug|Any CPU
		{58BE5A16-45F5-46D6-85F9-D997468794EC}.Debug|x64.Build.0 = Debug|Any CPU
		{58BE5A16-45F5-46D6-85F9-D997468794EC}.Debug|x86.ActiveCfg = Debug|Any CPU
		{58BE5A16-45F5-46D6-85F9-D997468794EC}.Debug|x86.Build.0 = Debug|Any CPU
		{58BE5A16-45F5-46D6-85F9-D997468794EC}.Release|Any CPU.ActiveCfg = Release|Any CPU
		{58BE5A16-45F5-46D6-85F9-D997468794EC}.Release|Any CPU.Build.0 = Release|Any CPU
		{58BE5A16-45F5-46D6-85F9-D997468794EC}.Release|x64.ActiveCfg = Release|Any CPU
		{58BE5A16-45F5-46D6-85F9-D997468794EC}.Release|x64.Build.0 = Release|Any CPU
		{58BE5A16-45F5-46D6-85F9-D997468794EC}.Release|x86.ActiveCfg = Release|Any CPU
		{58BE5A16-45F5-46D6-85F9-D997468794EC}.Release|x86.Build.0 = Release|Any CPU
	EndGlobalSection
	GlobalSection(SolutionProperties) = preSolution
		HideSolutionNode = FALSE
	EndGlobalSection
	GlobalSection(ExtensibilityGlobals) = postSolution
		SolutionGuid = {738812AB-D881-438A-BB7F-C1A80C87EDAF}
	EndGlobalSection
EndGlobal
